{
  "version": 1,
  "dependencies": {
    "net8.0-windows7.0": {
      "McMaster.Extensions.CommandLineUtils": {
        "type": "Direct",
        "requested": "[4.1.1, )",
        "resolved": "4.1.1",
        "contentHash": "zxgDY+G5yVq2q8sVB3Z275Qkxed1jC95nwAfnlSyoG4l5Nicvd4+ke1jXusEZEfyuErlAgXCKS937c13FmZWBg==",
        "dependencies": {
          "System.ComponentModel.Annotations": "5.0.0"
        }
      },
      "mwinapi": {
        "type": "Direct",
        "requested": "[0.3.0.5, )",
        "resolved": "0.3.0.5",
        "contentHash": "jb1ox29TMcxe0klNF5yui+ehXHUdEZOuykYaoGI9Okt0s7K5bNWxOzqsng0VVVvvFnW9wNfS4hWYOsE9Xup0GQ==",
        "dependencies": {
          "System.Management": "6.0.0"
        }
      },
      "NLog": {
        "type": "Direct",
        "requested": "[5.3.4, )",
        "resolved": "5.3.4",
        "contentHash": "gLy7+O1hEYJXIlcTr1/VWjGXrZTQFZzYNO18IWasD64pNwz0BreV+nHLxWKXWZzERRzoKnsk2XYtwLkTVk7J1A=="
      },
      "System.Management": {
        "type": "Direct",
        "requested": "[8.0.0, )",
        "resolved": "8.0.0",
        "contentHash": "jrK22i5LRzxZCfGb+tGmke2VH7oE0DvcDlJ1HAKYU8cPmD8XnpUT0bYn2Gy98GEhGjtfbR/sxKTVb+dE770pfA==",
        "dependencies": {
          "System.CodeDom": "8.0.0"
        }
      },
      "ThrottleDebounce": {
        "type": "Direct",
        "requested": "[2.0.0, )",
        "resolved": "2.0.0",
        "contentHash": "/lt2PLUjE1bXCkPDVXXhZDzqaK3SmKwJ2EOq/a6ZbsgAWnRz3TqkqU0VyUncbh8bUIJQHCoPUxbwmjWeAbeIbw=="
      },
      "Workshell.PE.Resources": {
        "type": "Direct",
        "requested": "[4.0.0.147, )",
        "resolved": "4.0.0.147",
        "contentHash": "ZX8AusOHS5MeLrfLar2kHE6QqCyF/XRkkuPczfhoIGo0geI9DHqwyu303rw+Q+gaoBcdi7GkwB+v6QRUvIzdgA==",
        "dependencies": {
          "System.Drawing.Common": "7.0.0",
          "Workshell.PE": "4.0.0.147"
        }
      },
      "Microsoft.Win32.SystemEvents": {
        "type": "Transitive",
        "resolved": "7.0.0",
        "contentHash": "2nXPrhdAyAzir0gLl8Yy8S5Mnm/uBSQQA7jEsILOS1MTyS7DbmV1NgViMtvV1sfCD1ebITpNwb1NIinKeJgUVQ=="
      },
      "System.CodeDom": {
        "type": "Transitive",
        "resolved": "8.0.0",
        "contentHash": "WTlRjL6KWIMr/pAaq3rYqh0TJlzpouaQ/W1eelssHgtlwHAH25jXTkUphTYx9HaIIf7XA6qs/0+YhtLEQRkJ+Q=="
      },
      "System.ComponentModel.Annotations": {
        "type": "Transitive",
        "resolved": "5.0.0",
        "contentHash": "dMkqfy2el8A8/I76n2Hi1oBFEbG1SfxD2l5nhwXV3XjlnOmwxJlQbYpJH4W51odnU9sARCSAgv7S3CyAFMkpYg=="
      },
      "System.Drawing.Common": {
        "type": "Transitive",
        "resolved": "7.0.0",
        "contentHash": "KIX+oBU38pxkKPxvLcLfIkOV5Ien8ReN78wro7OF5/erwcmortzeFx+iBswlh2Vz6gVne0khocQudGwaO1Ey6A==",
        "dependencies": {
          "Microsoft.Win32.SystemEvents": "7.0.0"
        }
      },
      "Workshell.PE": {
        "type": "Transitive",
        "resolved": "4.0.0.147",
        "contentHash": "iDvqFHgx9j4jlfRQEMk6VM5kf3AKVim7ZVveap96hxYh5ppRTY83f4ByNdvTHS9Jw3t6h2KPK8ZtRW7rinna1g=="
      }
    },
    "net8.0-windows7.0/win-arm64": {
      "System.Management": {
        "type": "Direct",
        "requested": "[8.0.0, )",
        "resolved": "8.0.0",
        "contentHash": "jrK22i5LRzxZCfGb+tGmke2VH7oE0DvcDlJ1HAKYU8cPmD8XnpUT0bYn2Gy98GEhGjtfbR/sxKTVb+dE770pfA==",
        "dependencies": {
          "System.CodeDom": "8.0.0"
        }
      },
      "Microsoft.Win32.SystemEvents": {
        "type": "Transitive",
        "resolved": "7.0.0",
        "contentHash": "2nXPrhdAyAzir0gLl8Yy8S5Mnm/uBSQQA7jEsILOS1MTyS7DbmV1NgViMtvV1sfCD1ebITpNwb1NIinKeJgUVQ=="
      },
      "System.Drawing.Common": {
        "type": "Transitive",
        "resolved": "7.0.0",
        "contentHash": "KIX+oBU38pxkKPxvLcLfIkOV5Ien8ReN78wro7OF5/erwcmortzeFx+iBswlh2Vz6gVne0khocQudGwaO1Ey6A==",
        "dependencies": {
          "Microsoft.Win32.SystemEvents": "7.0.0"
        }
      }
    },
    "net8.0-windows7.0/win-x64": {
      "System.Management": {
        "type": "Direct",
        "requested": "[8.0.0, )",
        "resolved": "8.0.0",
        "contentHash": "jrK22i5LRzxZCfGb+tGmke2VH7oE0DvcDlJ1HAKYU8cPmD8XnpUT0bYn2Gy98GEhGjtfbR/sxKTVb+dE770pfA==",
        "dependencies": {
          "System.CodeDom": "8.0.0"
        }
      },
      "Microsoft.Win32.SystemEvents": {
        "type": "Transitive",
        "resolved": "7.0.0",
        "contentHash": "2nXPrhdAyAzir0gLl8Yy8S5Mnm/uBSQQA7jEsILOS1MTyS7DbmV1NgViMtvV1sfCD1ebITpNwb1NIinKeJgUVQ=="
      },
      "System.Drawing.Common": {
        "type": "Transitive",
        "resolved": "7.0.0",
        "contentHash": "KIX+oBU38pxkKPxvLcLfIkOV5Ien8ReN78wro7OF5/erwcmortzeFx+iBswlh2Vz6gVne0khocQudGwaO1Ey6A==",
        "dependencies": {
          "Microsoft.Win32.SystemEvents": "7.0.0"
        }
      }
    }
  }
}