{
  "version": 1,
  "dependencies": {
    "net8.0-windows7.0": {
      "McMaster.Extensions.CommandLineUtils": {
        "type": "Direct",
        "requested": "[5.0.0, )",
        "resolved": "5.0.0",
        "contentHash": "f/oIMg5kL+MmY29jFfWJ8Bv9EzDQidN+eJVN2Fb2e5o2u9zN0QXLVOgxoXLbZLUxOzBmZbuhd+ArAt6amducYw=="
      },
      "mwinapi": {
        "type": "Direct",
        "requested": "[0.3.0.5, )",
        "resolved": "0.3.0.5",
        "contentHash": "jb1ox29TMcxe0klNF5yui+ehXHUdEZOuykYaoGI9Okt0s7K5bNWxOzqsng0VVVvvFnW9wNfS4hWYOsE9Xup0GQ==",
        "dependencies": {
          "System.Management": "6.0.0"
        }
      },
      "NLog": {
        "type": "Direct",
        "requested": "[6.0.7, )",
        "resolved": "6.0.7",
        "contentHash": "16kwDY6+/TCBToyXekpcl5mxprUWuXqltdOK26w44E0rTQTiRCjXv1VVLDtSbgMCR1RirVvr+V/9T+76cwuqnw=="
      },
      "System.Management": {
        "type": "Direct",
        "requested": "[9.0.10, )",
        "resolved": "9.0.10",
        "contentHash": "kJY2C6MjKSqfRkEnc8gn4Jth81Anrgxxpu0MffjEadfpp0Ll/gdGpYnDhRWZd+iFttkfZC0uCjFmCrZARRqq4w==",
        "dependencies": {
          "System.CodeDom": "9.0.10"
        }
      },
      "ThrottleDebounce": {
        "type": "Direct",
        "requested": "[3.0.0-beta5, )",
        "resolved": "3.0.0-beta5",
        "contentHash": "hvmR5CBGzzRAO+jJBkZuPUfXeChZRR9X2vfVLYEo7CffFV2oz4yuX9sj80GqH6oxj5KYXodJ+oGaYOtIE+H5tw=="
      },
      "Unfucked.Windows": {
        "type": "Direct",
        "requested": "[0.0.1-beta.6, )",
        "resolved": "0.0.1-beta.6",
        "contentHash": "i2ZTvgSm5ARCwbXQ9vyX0L+JK8t/DfjXwdytp2DxbNi+ztHg6XX/qo+8RLa0zWc+/K3lVNsySSexovfk82/k1g==",
        "dependencies": {
          "ThrottleDebounce": "3.0.0-beta5",
          "Unfucked": "0.0.1-beta.20",
          "mwinapi": "0.3.0.5"
        }
      },
      "Workshell.PE.Resources": {
        "type": "Direct",
        "requested": "[4.0.0.147, )",
        "resolved": "4.0.0.147",
        "contentHash": "ZX8AusOHS5MeLrfLar2kHE6QqCyF/XRkkuPczfhoIGo0geI9DHqwyu303rw+Q+gaoBcdi7GkwB+v6QRUvIzdgA==",
        "dependencies": {
          "System.Drawing.Common": "7.0.0",
          "Workshell.PE": "4.0.0.147"
        }
      },
      "Microsoft.Win32.SystemEvents": {
        "type": "Transitive",
        "resolved": "7.0.0",
        "contentHash": "2nXPrhdAyAzir0gLl8Yy8S5Mnm/uBSQQA7jEsILOS1MTyS7DbmV1NgViMtvV1sfCD1ebITpNwb1NIinKeJgUVQ=="
      },
      "System.CodeDom": {
        "type": "Transitive",
        "resolved": "9.0.10",
        "contentHash": "00dAIR9Zx+F+AaipjaQmudX3VVpzYvT0bKVD3WcJq6om6pKNrldnp5bSR0VV6IlwDBa1HObGD+sTFaT/I9bBng=="
      },
      "System.Drawing.Common": {
        "type": "Transitive",
        "resolved": "7.0.0",
        "contentHash": "KIX+oBU38pxkKPxvLcLfIkOV5Ien8ReN78wro7OF5/erwcmortzeFx+iBswlh2Vz6gVne0khocQudGwaO1Ey6A==",
        "dependencies": {
          "Microsoft.Win32.SystemEvents": "7.0.0"
        }
      },
      "Unfucked": {
        "type": "Transitive",
        "resolved": "0.0.1-beta.20",
        "contentHash": "ZTjPP+8LizYyxTUYrZMcvYX9KPMnsHQu70epBvT7Ka3Egn1VHvm6vF9bsVLxzqArBhGpBifIL6quIz4Mp3GXnA=="
      },
      "Workshell.PE": {
        "type": "Transitive",
        "resolved": "4.0.0.147",
        "contentHash": "iDvqFHgx9j4jlfRQEMk6VM5kf3AKVim7ZVveap96hxYh5ppRTY83f4ByNdvTHS9Jw3t6h2KPK8ZtRW7rinna1g=="
      }
    },
    "net8.0-windows7.0/win-arm64": {
      "System.Management": {
        "type": "Direct",
        "requested": "[9.0.10, )",
        "resolved": "9.0.10",
        "contentHash": "kJY2C6MjKSqfRkEnc8gn4Jth81Anrgxxpu0MffjEadfpp0Ll/gdGpYnDhRWZd+iFttkfZC0uCjFmCrZARRqq4w==",
        "dependencies": {
          "System.CodeDom": "9.0.10"
        }
      },
      "Microsoft.Win32.SystemEvents": {
        "type": "Transitive",
        "resolved": "7.0.0",
        "contentHash": "2nXPrhdAyAzir0gLl8Yy8S5Mnm/uBSQQA7jEsILOS1MTyS7DbmV1NgViMtvV1sfCD1ebITpNwb1NIinKeJgUVQ=="
      },
      "System.Drawing.Common": {
        "type": "Transitive",
        "resolved": "7.0.0",
        "contentHash": "KIX+oBU38pxkKPxvLcLfIkOV5Ien8ReN78wro7OF5/erwcmortzeFx+iBswlh2Vz6gVne0khocQudGwaO1Ey6A==",
        "dependencies": {
          "Microsoft.Win32.SystemEvents": "7.0.0"
        }
      }
    },
    "net8.0-windows7.0/win-x64": {
      "System.Management": {
        "type": "Direct",
        "requested": "[9.0.10, )",
        "resolved": "9.0.10",
        "contentHash": "kJY2C6MjKSqfRkEnc8gn4Jth81Anrgxxpu0MffjEadfpp0Ll/gdGpYnDhRWZd+iFttkfZC0uCjFmCrZARRqq4w==",
        "dependencies": {
          "System.CodeDom": "9.0.10"
        }
      },
      "Microsoft.Win32.SystemEvents": {
        "type": "Transitive",
        "resolved": "7.0.0",
        "contentHash": "2nXPrhdAyAzir0gLl8Yy8S5Mnm/uBSQQA7jEsILOS1MTyS7DbmV1NgViMtvV1sfCD1ebITpNwb1NIinKeJgUVQ=="
      },
      "System.Drawing.Common": {
        "type": "Transitive",
        "resolved": "7.0.0",
        "contentHash": "KIX+oBU38pxkKPxvLcLfIkOV5Ien8ReN78wro7OF5/erwcmortzeFx+iBswlh2Vz6gVne0khocQudGwaO1Ey6A==",
        "dependencies": {
          "Microsoft.Win32.SystemEvents": "7.0.0"
        }
      }
    }
  }
}