{
  "version": 1,
  "dependencies": {
    "net8.0-windows7.0": {
      "McMaster.Extensions.CommandLineUtils": {
        "type": "Direct",
        "requested": "[4.1.1, )",
        "resolved": "4.1.1",
        "contentHash": "zxgDY+G5yVq2q8sVB3Z275Qkxed1jC95nwAfnlSyoG4l5Nicvd4+ke1jXusEZEfyuErlAgXCKS937c13FmZWBg==",
        "dependencies": {
          "System.ComponentModel.Annotations": "5.0.0"
        }
      },
      "mwinapi": {
        "type": "Direct",
        "requested": "[0.3.0.5, )",
        "resolved": "0.3.0.5",
        "contentHash": "jb1ox29TMcxe0klNF5yui+ehXHUdEZOuykYaoGI9Okt0s7K5bNWxOzqsng0VVVvvFnW9wNfS4hWYOsE9Xup0GQ==",
        "dependencies": {
          "System.Management": "6.0.0"
        }
      },
      "NLog": {
        "type": "Direct",
        "requested": "[6.0.0, )",
        "resolved": "6.0.0",
        "contentHash": "3wqlcN80L6OHh0ZTQR/F+eZBeaAZ109XbvCEbtZ/nG5B/S+XzGOxv67RAfMx0YMkHY1aAHyW245k0/OE7J0ZxA=="
      },
      "System.Management": {
        "type": "Direct",
        "requested": "[9.0.6, )",
        "resolved": "9.0.6",
        "contentHash": "pOc5bCurWL3qVDsPP0iycUCRfXBhI/fVe44SiAlVqoZDIbHP080CLyCzfXV1UbdGKN0hQSLSHqr7OI3BhLBRbA==",
        "dependencies": {
          "System.CodeDom": "9.0.6"
        }
      },
      "ThrottleDebounce": {
        "type": "Direct",
        "requested": "[3.0.0-beta4, )",
        "resolved": "3.0.0-beta4",
        "contentHash": "COoRYQqWRZmENa7YQk7UrFISMBkdhECX1wasSFMy5am34ok5s1JYDgS8Ea5WLk0L/iau1jM904bldCZZF56xAQ=="
      },
      "Unfucked.Windows": {
        "type": "Direct",
        "requested": "[0.0.1-beta.2, )",
        "resolved": "0.0.1-beta.2",
        "contentHash": "Q1Yu/PGfDa/MUfgSq2Tb8zrWK8mraF49sOg+fDkNg8+bCFho98+l64u7n973Gei+1bIcfmXP/OA9cn5Yv378TA==",
        "dependencies": {
          "ThrottleDebounce": "3.0.0-beta3",
          "Unfucked": "0.0.1-beta.5",
          "mwinapi": "0.3.0.5"
        }
      },
      "Workshell.PE.Resources": {
        "type": "Direct",
        "requested": "[4.0.0.147, )",
        "resolved": "4.0.0.147",
        "contentHash": "ZX8AusOHS5MeLrfLar2kHE6QqCyF/XRkkuPczfhoIGo0geI9DHqwyu303rw+Q+gaoBcdi7GkwB+v6QRUvIzdgA==",
        "dependencies": {
          "System.Drawing.Common": "7.0.0",
          "Workshell.PE": "4.0.0.147"
        }
      },
      "Microsoft.Win32.SystemEvents": {
        "type": "Transitive",
        "resolved": "7.0.0",
        "contentHash": "2nXPrhdAyAzir0gLl8Yy8S5Mnm/uBSQQA7jEsILOS1MTyS7DbmV1NgViMtvV1sfCD1ebITpNwb1NIinKeJgUVQ=="
      },
      "System.CodeDom": {
        "type": "Transitive",
        "resolved": "9.0.6",
        "contentHash": "9u1pyEykc0bWBHf1cIVwRoMqrEtxtXdC2ss1K02pvrkwHPcyYmy1glO+kLbyqPO9ehCTl+2dFyUuTUNl1Fde5g=="
      },
      "System.ComponentModel.Annotations": {
        "type": "Transitive",
        "resolved": "5.0.0",
        "contentHash": "dMkqfy2el8A8/I76n2Hi1oBFEbG1SfxD2l5nhwXV3XjlnOmwxJlQbYpJH4W51odnU9sARCSAgv7S3CyAFMkpYg=="
      },
      "System.Drawing.Common": {
        "type": "Transitive",
        "resolved": "7.0.0",
        "contentHash": "KIX+oBU38pxkKPxvLcLfIkOV5Ien8ReN78wro7OF5/erwcmortzeFx+iBswlh2Vz6gVne0khocQudGwaO1Ey6A==",
        "dependencies": {
          "Microsoft.Win32.SystemEvents": "7.0.0"
        }
      },
      "Unfucked": {
        "type": "Transitive",
        "resolved": "0.0.1-beta.5",
        "contentHash": "2vpz1u3knWf7F7QCbns1lbEps0wWWeJa1d5lGHiSQ9JTK3YBvd6Nn1jh3AzNTxSLppb9SAPUijLKP63kI3DdvA=="
      },
      "Workshell.PE": {
        "type": "Transitive",
        "resolved": "4.0.0.147",
        "contentHash": "iDvqFHgx9j4jlfRQEMk6VM5kf3AKVim7ZVveap96hxYh5ppRTY83f4ByNdvTHS9Jw3t6h2KPK8ZtRW7rinna1g=="
      }
    },
    "net8.0-windows7.0/win-arm64": {
      "System.Management": {
        "type": "Direct",
        "requested": "[9.0.6, )",
        "resolved": "9.0.6",
        "contentHash": "pOc5bCurWL3qVDsPP0iycUCRfXBhI/fVe44SiAlVqoZDIbHP080CLyCzfXV1UbdGKN0hQSLSHqr7OI3BhLBRbA==",
        "dependencies": {
          "System.CodeDom": "9.0.6"
        }
      },
      "Microsoft.Win32.SystemEvents": {
        "type": "Transitive",
        "resolved": "7.0.0",
        "contentHash": "2nXPrhdAyAzir0gLl8Yy8S5Mnm/uBSQQA7jEsILOS1MTyS7DbmV1NgViMtvV1sfCD1ebITpNwb1NIinKeJgUVQ=="
      },
      "System.Drawing.Common": {
        "type": "Transitive",
        "resolved": "7.0.0",
        "contentHash": "KIX+oBU38pxkKPxvLcLfIkOV5Ien8ReN78wro7OF5/erwcmortzeFx+iBswlh2Vz6gVne0khocQudGwaO1Ey6A==",
        "dependencies": {
          "Microsoft.Win32.SystemEvents": "7.0.0"
        }
      }
    },
    "net8.0-windows7.0/win-x64": {
      "System.Management": {
        "type": "Direct",
        "requested": "[9.0.6, )",
        "resolved": "9.0.6",
        "contentHash": "pOc5bCurWL3qVDsPP0iycUCRfXBhI/fVe44SiAlVqoZDIbHP080CLyCzfXV1UbdGKN0hQSLSHqr7OI3BhLBRbA==",
        "dependencies": {
          "System.CodeDom": "9.0.6"
        }
      },
      "Microsoft.Win32.SystemEvents": {
        "type": "Transitive",
        "resolved": "7.0.0",
        "contentHash": "2nXPrhdAyAzir0gLl8Yy8S5Mnm/uBSQQA7jEsILOS1MTyS7DbmV1NgViMtvV1sfCD1ebITpNwb1NIinKeJgUVQ=="
      },
      "System.Drawing.Common": {
        "type": "Transitive",
        "resolved": "7.0.0",
        "contentHash": "KIX+oBU38pxkKPxvLcLfIkOV5Ien8ReN78wro7OF5/erwcmortzeFx+iBswlh2Vz6gVne0khocQudGwaO1Ey6A==",
        "dependencies": {
          "Microsoft.Win32.SystemEvents": "7.0.0"
        }
      }
    }
  }
}